// !$*UTF8*$!
{
	archiveVersion = 1;
	classes = {
	};
	objectVersion = 46;
	objects = {

/* Begin PBXBuildFile section */
		D3DE9F9D1EF53EC000D407FF /* AppDelegate.swift in Sources */ = {isa = PBXBuildFile; fileRef = D3DE9F9C1EF53EC000D407FF /* AppDelegate.swift */; };
		D3DE9F9F1EF53EC000D407FF /* ViewController.swift in Sources */ = {isa = PBXBuildFile; fileRef = D3DE9F9E1EF53EC000D407FF /* ViewController.swift */; };
		D3DE9FA21EF53EC000D407FF /* Main.storyboard in Resources */ = {isa = PBXBuildFile; fileRef = D3DE9FA01EF53EC000D407FF /* Main.storyboard */; };
		D3DE9FA51EF53EC000D407FF /* Rate_your_day.xcdatamodeld in Sources */ = {isa = PBXBuildFile; fileRef = D3DE9FA31EF53EC000D407FF /* Rate_your_day.xcdatamodeld */; };
		D3DE9FA71EF53EC000D407FF /* Assets.xcassets in Resources */ = {isa = PBXBuildFile; fileRef = D3DE9FA61EF53EC000D407FF /* Assets.xcassets */; };
		D3DE9FAA1EF53EC000D407FF /* LaunchScreen.storyboard in Resources */ = {isa = PBXBuildFile; fileRef = D3DE9FA81EF53EC000D407FF /* LaunchScreen.storyboard */; };
/* End PBXBuildFile section */

/* Begin PBXFileReference section */
		D3DE9F991EF53EC000D407FF /* Rate your day.app */ = {isa = PBXFileReference; explicitFileType = wrapper.application; includeInIndex = 0; path = "Rate your day.app"; sourceTree = BUILT_PRODUCTS_DIR; };
		D3DE9F9C1EF53EC000D407FF /* AppDelegate.swift */ = {isa = PBXFileReference; lastKnownFileType = sourcecode.swift; path = AppDelegate.swift; sourceTree = "<group>"; };
		D3DE9F9E1EF53EC000D407FF /* ViewController.swift */ = {isa = PBXFileReference; lastKnownFileType = sourcecode.swift; path = ViewController.swift; sourceTree = "<group>"; };
		D3DE9FA11EF53EC000D407FF /* Base */ = {isa = PBXFileReference; lastKnownFileType = file.storyboard; name = Base; path = Base.lproj/Main.storyboard; sourceTree = "<group>"; };
		D3DE9FA41EF53EC000D407FF /* Rate_your_day.xcdatamodel */ = {isa = PBXFileReference; lastKnownFileType = wrapper.xcdatamodel; path = Rate_your_day.xcdatamodel; sourceTree = "<group>"; };
		D3DE9FA61EF53EC000D407FF /* Assets.xcassets */ = {isa = PBXFileReference; lastKnownFileType = folder.assetcatalog; path = Assets.xcassets; sourceTree = "<group>"; };
		D3DE9FA91EF53EC000D407FF /* Base */ = {isa = PBXFileReference; lastKnownFileType = file.storyboard; name = Base; path = Base.lproj/LaunchScreen.storyboard; sourceTree = "<group>"; };
		D3DE9FAB1EF53EC000D407FF /* Info.plist */ = {isa = PBXFileReference; lastKnownFileType = text.plist.xml; path = Info.plist; sourceTree = "<group>"; };
/* End PBXFileReference section */

/* Begin PBXFrameworksBuildPhase section */
		D3DE9F961EF53EC000D407FF /* Frameworks */ = {
			isa = PBXFrameworksBuildPhase;
			buildActionMask = 2147483647;
			files = (
			);
			runOnlyForDeploymentPostprocessing = 0;
		};
/* End PBXFrameworksBuildPhase section */

/* Begin PBXGroup section */
		D3DE9F901EF53EC000D407FF = {
			isa = PBXGroup;
			children = (
				D3DE9F9B1EF53EC000D407FF /* Rate your day */,
				D3DE9F9A1EF53EC000D407FF /* Products */,
			);
			sourceTree = "<group>";
		};
		D3DE9F9A1EF53EC000D407FF /* Products */ = {
			isa = PBXGroup;
			children = (
				D3DE9F991EF53EC000D407FF /* Rate your day.app */,
			);
			name = Products;
			sourceTree = "<group>";
		};
		D3DE9F9B1EF53EC000D407FF /* Rate your day */ = {
			isa = PBXGroup;
			children = (
				D3DE9F9C1EF53EC000D407FF /* AppDelegate.swift */,
				D3DE9F9E1EF53EC000D407FF /* ViewController.swift */,
				D3DE9FA01EF53EC000D407FF /* Main.storyboard */,
				D3DE9FA61EF53EC000D407FF /* Assets.xcassets */,
				D3DE9FA81EF53EC000D407FF /* LaunchScreen.storyboard */,
				D3DE9FAB1EF53EC000D407FF /* Info.plist */,
				D3DE9FA31EF53EC000D407FF /* Rate_your_day.xcdatamodeld */,
			);
			path = "Rate your day";
			sourceTree = "<group>";
		};
/* End PBXGroup section */

/* Begin PBXNativeTarget section */
		D3DE9F981EF53EC000D407FF /* Rate your day */ = {
			isa = PBXNativeTarget;
			buildConfigurationList = D3DE9FAE1EF53EC000D407FF /* Build configuration list for PBXNativeTarget "Rate your day" */;
			buildPhases = (
				D3DE9F951EF53EC000D407FF /* Sources */,
				D3DE9F961EF53EC000D407FF /* Frameworks */,
				D3DE9F971EF53EC000D407FF /* Resources */,
			);
			buildRules = (
			);
			dependencies = (
			);
			name = "Rate your day";
			productName = "Rate your day";
			productReference = D3DE9F991EF53EC000D407FF /* Rate your day.app */;
			productType = "com.apple.product-type.application";
		};
/* End PBXNativeTarget section */

/* Begin PBXProject section */
		D3DE9F911EF53EC000D407FF /* Project object */ = {
			isa = PBXProject;
			attributes = {
				LastSwiftUpdateCheck = 0830;
				LastUpgradeCheck = 0830;
				ORGANIZATIONNAME = "Laura van der Stee";
				TargetAttributes = {
					D3DE9F981EF53EC000D407FF = {
						CreatedOnToolsVersion = 8.3.3;
						DevelopmentTeam = XYXUBB6DQ5;
						ProvisioningStyle = Automatic;
					};
				};
			};
			buildConfigurationList = D3DE9F941EF53EC000D407FF /* Build configuration list for PBXProject "Rate your day" */;
			compatibilityVersion = "Xcode 3.2";
			developmentRegion = English;
			hasScannedForEncodings = 0;
			knownRegions = (
				en,
				Base,
			);
			mainGroup = D3DE9F901EF53EC000D407FF;
			productRefGroup = D3DE9F9A1EF53EC000D407FF /* Products */;
			projectDirPath = "";
			projectRoot = "";
			targets = (
				D3DE9F981EF53EC000D407FF /* Rate your day */,
			);
		};
/* End PBXProject section */

/* Begin PBXResourcesBuildPhase section */
		D3DE9F971EF53EC000D407FF /* Resources */ = {
			isa = PBXResourcesBuildPhase;
			buildActionMask = 2147483647;
			files = (
				D3DE9FAA1EF53EC000D407FF /* LaunchScreen.storyboard in Resources */,
				D3DE9FA71EF53EC000D407FF /* Assets.xcassets in Resources */,
				D3DE9FA21EF53EC000D407FF /* Main.storyboard in Resources */,
			);
			runOnlyForDeploymentPostprocessing = 0;
		};
/* End PBXResourcesBuildPhase section */

/* Begin PBXSourcesBuildPhase section */
		D3DE9F951EF53EC000D407FF /* Sources */ = {
			isa = PBXSourcesBuildPhase;
			buildActionMask = 2147483647;
			files = (
				D3DE9F9F1EF53EC000D407FF /* ViewController.swift in Sources */,
				D3DE9F9D1EF53EC000D407FF /* AppDelegate.swift in Sources */,
				D3DE9FA51EF53EC000D407FF /* Rate_your_day.xcdatamodeld in Sources */,
			);
			runOnlyForDeploymentPostprocessing = 0;
		};
/* End PBXSourcesBuildPhase section */

/* Begin PBXVariantGroup section */
		D3DE9FA01EF53EC000D407FF /* Main.storyboard */ = {
			isa = PBXVariantGroup;
			children = (
				D3DE9FA11EF53EC000D407FF /* Base */,
			);
			name = Main.storyboard;
			sourceTree = "<group>";
		};
		D3DE9FA81EF53EC000D407FF /* LaunchScreen.storyboard */ = {
			isa = PBXVariantGroup;
			children = (
				D3DE9FA91EF53EC000D407FF /* Base */,
			);
			name = LaunchScreen.storyboard;
			sourceTree = "<group>";
		};
/* End PBXVariantGroup section */

/* Begin XCBuildConfiguration section */
		D3DE9FAC1EF53EC000D407FF /* Debug */ = {
			isa = XCBuildConfiguration;
			buildSettings = {
				ALWAYS_SEARCH_USER_PATHS = NO;
				CLANG_ANALYZER_NONNULL = YES;
				CLANG_ANALYZER_NUMBER_OBJECT_CONVERSION = YES_AGGRESSIVE;
				CLANG_CXX_LANGUAGE_STANDARD = "gnu++0x";
				CLANG_CXX_LIBRARY = "libc++";
				CLANG_ENABLE_MODULES = YES;
				CLANG_ENABLE_OBJC_ARC = YES;
				CLANG_WARN_BOOL_CONVERSION = YES;
				CLANG_WARN_CONSTANT_CONVERSION = YES;
				CLANG_WARN_DIRECT_OBJC_ISA_USAGE = YES_ERROR;
				CLANG_WARN_DOCUMENTATION_COMMENTS = YES;
				CLANG_WARN_EMPTY_BODY = YES;
				CLANG_WARN_ENUM_CONVERSION = YES;
				CLANG_WARN_INFINITE_RECURSION = YES;
				CLANG_WARN_INT_CONVERSION = YES;
				CLANG_WARN_OBJC_ROOT_CLASS = YES_ERROR;
				CLANG_WARN_SUSPICIOUS_MOVE = YES;
				CLANG_WARN_UNREACHABLE_CODE = YES;
				CLANG_WARN__DUPLICATE_METHOD_MATCH = YES;
				"CODE_SIGN_IDENTITY[sdk=iphoneos*]" = "iPhone Developer";
				COPY_PHASE_STRIP = NO;
				DEBUG_INFORMATION_FORMAT = dwarf;
				ENABLE_STRICT_OBJC_MSGSEND = YES;
				ENABLE_TESTABILITY = YES;
				GCC_C_LANGUAGE_STANDARD = gnu99;
				GCC_DYNAMIC_NO_PIC = NO;
				GCC_NO_COMMON_BLOCKS = YES;
				GCC_OPTIMIZATION_LEVEL = 0;
				GCC_PREPROCESSOR_DEFINITIONS = (
					"DEBUG=1",
					"$(inherited)",
				);
				GCC_WARN_64_TO_32_BIT_CONVERSION = YES;
				GCC_WARN_ABOUT_RETURN_TYPE = YES_ERROR;
				GCC_WARN_UNDECLARED_SELECTOR = YES;
				GCC_WARN_UNINITIALIZED_AUTOS = YES_AGGRESSIVE;
				GCC_WARN_UNUSED_FUNCTION = YES;
				GCC_WARN_UNUSED_VARIABLE = YES;
				IPHONEOS_DEPLOYMENT_TARGET = 10.3;
				MTL_ENABLE_DEBUG_INFO = YES;
				ONLY_ACTIVE_ARCH = YES;
				SDKROOT = iphoneos;
				SWIFT_ACTIVE_COMPILATION_CONDITIONS = DEBUG;
				SWIFT_OPTIMIZATION_LEVEL = "-Onone";
				TARGETED_DEVICE_FAMILY = "1,2";
			};
			name = Debug;
		};
		D3DE9FAD1EF53EC000D407FF /* Release */ = {
			isa = XCBuildConfiguration;
			buildSettings = {
				ALWAYS_SEARCH_USER_PATHS = NO;
				CLANG_ANALYZER_NONNULL = YES;
				CLANG_ANALYZER_NUMBER_OBJECT_CONVERSION = YES_AGGRESSIVE;
				CLANG_CXX_LANGUAGE_STANDARD = "gnu++0x";
				CLANG_CXX_LIBRARY = "libc++";
				CLANG_ENABLE_MODULES = YES;
				CLANG_ENABLE_OBJC_ARC = YES;
				CLANG_WARN_BOOL_CONVERSION = YES;
				CLANG_WARN_CONSTANT_CONVERSION = YES;
				CLANG_WARN_DIRECT_OBJC_ISA_USAGE = YES_ERROR;
				CLANG_WARN_DOCUMENTATION_COMMENTS = YES;
				CLANG_WARN_EMPTY_BODY = YES;
				CLANG_WARN_ENUM_CONVERSION = YES;
				CLANG_WARN_INFINITE_RECURSION = YES;
				CLANG_WARN_INT_CONVERSION = YES;
				CLANG_WARN_OBJC_ROOT_CLASS = YES_ERROR;
				CLANG_WARN_SUSPICIOUS_MOVE = YES;
				CLANG_WARN_UNREACHABLE_CODE = YES;
				CLANG_WARN__DUPLICATE_METHOD_MATCH = YES;
				"CODE_SIGN_IDENTITY[sdk=iphoneos*]" = "iPhone Developer";
				COPY_PHASE_STRIP = NO;
				DEBUG_INFORMATION_FORMAT = "dwarf-with-dsym";
				ENABLE_NS_ASSERTIONS = NO;
				ENABLE_STRICT_OBJC_MSGSEND = YES;
				GCC_C_LANGUAGE_STANDARD = gnu99;
				GCC_NO_COMMON_BLOCKS = YES;
				GCC_WARN_64_TO_32_BIT_CONVERSION = YES;
				GCC_WARN_ABOUT_RETURN_TYPE = YES_ERROR;
				GCC_WARN_UNDECLARED_SELECTOR = YES;
				GCC_WARN_UNINITIALIZED_AUTOS = YES_AGGRESSIVE;
				GCC_WARN_UNUSED_FUNCTION = YES;
				GCC_WARN_UNUSED_VARIABLE = YES;
				IPHONEOS_DEPLOYMENT_TARGET = 10.3;
				MTL_ENABLE_DEBUG_INFO = NO;
				SDKROOT = iphoneos;
				SWIFT_OPTIMIZATION_LEVEL = "-Owholemodule";
				TARGETED_DEVICE_FAMILY = "1,2";
				VALIDATE_PRODUCT = YES;
			};
			name = Release;
		};
		D3DE9FAF1EF53EC000D407FF /* Debug */ = {
			isa = XCBuildConfiguration;
			buildSettings = {
				ASSETCATALOG_COMPILER_APPICON_NAME = AppIcon;
				DEVELOPMENT_TEAM = XYXUBB6DQ5;
				INFOPLIST_FILE = "Rate your day/Info.plist";
				LD_RUNPATH_SEARCH_PATHS = "$(inherited) @executable_path/Frameworks";
				PRODUCT_BUNDLE_IDENTIFIER = "laura-s-app.Rate-your-day";
				PRODUCT_NAME = "$(TARGET_NAME)";
				SWIFT_VERSION = 3.0;
			};
			name = Debug;
		};
		D3DE9FB01EF53EC000D407FF /* Release */ = {
			isa = XCBuildConfiguration;
			buildSettings = {
				ASSETCATALOG_COMPILER_APPICON_NAME = AppIcon;
				DEVELOPMENT_TEAM = XYXUBB6DQ5;
				INFOPLIST_FILE = "Rate your day/Info.plist";
				LD_RUNPATH_SEARCH_PATHS = "$(inherited) @executable_path/Frameworks";
				PRODUCT_BUNDLE_IDENTIFIER = "laura-s-app.Rate-your-day";
				PRODUCT_NAME = "$(TARGET_NAME)";
				SWIFT_VERSION = 3.0;
			};
			name = Release;
		};
/* End XCBuildConfiguration section */

/* Begin XCConfigurationList section */
		D3DE9F941EF53EC000D407FF /* Build configuration list for PBXProject "Rate your day" */ = {
			isa = XCConfigurationList;
			buildConfigurations = (
				D3DE9FAC1EF53EC000D407FF /* Debug */,
				D3DE9FAD1EF53EC000D407FF /* Release */,
			);
			defaultConfigurationIsVisible = 0;
			defaultConfigurationName = Release;
		};
		D3DE9FAE1EF53EC000D407FF /* Build configuration list for PBXNativeTarget "Rate your day" */ = {
			isa = XCConfigurationList;
			buildConfigurations = (
				D3DE9FAF1EF53EC000D407FF /* Debug */,
				D3DE9FB01EF53EC000D407FF /* Release */,
			);
			defaultConfigurationIsVisible = 0;
		};
/* End XCConfigurationList section */

/* Begin XCVersionGroup section */
		D3DE9FA31EF53EC000D407FF /* Rate_your_day.xcdatamodeld */ = {
			isa = XCVersionGroup;
			children = (
				D3DE9FA41EF53EC000D407FF /* Rate_your_day.xcdatamodel */,
			);
			currentVersion = D3DE9FA41EF53EC000D407FF /* Rate_your_day.xcdatamodel */;
			path = Rate_your_day.xcdatamodeld;
			sourceTree = "<group>";
			versionGroupType = wrapper.xcdatamodel;
		};
/* End XCVersionGroup section */
	};
	rootObject = D3DE9F911EF53EC000D407FF /* Project object */;
}
